// !$*UTF8*$!
{
	archiveVersion = 1;
	classes = {
	};
	objectVersion = 46;
	objects = {

/* Begin PBXBuildFile section */
		65F0220015C857EF0030BBEF /* Foundation.framework in Frameworks */ = {isa = PBXBuildFile; fileRef = 65F021FF15C857EF0030BBEF /* Foundation.framework */; };
		65F0220515C857EF0030BBEF /* SVProgressHUD.h in CopyFiles */ = {isa = PBXBuildFile; fileRef = 65F0220415C857EF0030BBEF /* SVProgressHUD.h */; };
		65F0220715C857EF0030BBEF /* SVProgressHUD.m in Sources */ = {isa = PBXBuildFile; fileRef = 65F0220615C857EF0030BBEF /* SVProgressHUD.m */; };
/* End PBXBuildFile section */

/* Begin PBXCopyFilesBuildPhase section */
		65F021FA15C857EF0030BBEF /* CopyFiles */ = {
			isa = PBXCopyFilesBuildPhase;
			buildActionMask = 2147483647;
			dstPath = "include/${PRODUCT_NAME}";
			dstSubfolderSpec = 16;
			files = (
				65F0220515C857EF0030BBEF /* SVProgressHUD.h in CopyFiles */,
			);
			runOnlyForDeploymentPostprocessing = 0;
		};
/* End PBXCopyFilesBuildPhase section */

/* Begin PBXFileReference section */
		65F021FC15C857EF0030BBEF /* libSVProgressHUD.a */ = {isa = PBXFileReference; explicitFileType = archive.ar; includeInIndex = 0; path = libSVProgressHUD.a; sourceTree = BUILT_PRODUCTS_DIR; };
		65F021FF15C857EF0030BBEF /* Foundation.framework */ = {isa = PBXFileReference; lastKnownFileType = wrapper.framework; name = Foundation.framework; path = System/Library/Frameworks/Foundation.framework; sourceTree = SDKROOT; };
		65F0220315C857EF0030BBEF /* SVProgressHUD-Prefix.pch */ = {isa = PBXFileReference; lastKnownFileType = sourcecode.c.h; path = "SVProgressHUD-Prefix.pch"; sourceTree = "<group>"; };
		65F0220415C857EF0030BBEF /* SVProgressHUD.h */ = {isa = PBXFileReference; lastKnownFileType = sourcecode.c.h; path = SVProgressHUD.h; sourceTree = "<group>"; };
		65F0220615C857EF0030BBEF /* SVProgressHUD.m */ = {isa = PBXFileReference; lastKnownFileType = sourcecode.c.objc; path = SVProgressHUD.m; sourceTree = "<group>"; };
		65F0220D15C858060030BBEF /* SVProgressHUD.bundle */ = {isa = PBXFileReference; lastKnownFileType = "wrapper.plug-in"; path = SVProgressHUD.bundle; sourceTree = "<group>"; };
/* End PBXFileReference section */

/* Begin PBXFrameworksBuildPhase section */
		65F021F915C857EF0030BBEF /* Frameworks */ = {
			isa = PBXFrameworksBuildPhase;
			buildActionMask = 2147483647;
			files = (
				65F0220015C857EF0030BBEF /* Foundation.framework in Frameworks */,
			);
			runOnlyForDeploymentPostprocessing = 0;
		};
/* End PBXFrameworksBuildPhase section */

/* Begin PBXGroup section */
		65F021F115C857EF0030BBEF = {
			isa = PBXGroup;
			children = (
				65F0220115C857EF0030BBEF /* SVProgressHUD */,
				65F021FE15C857EF0030BBEF /* Frameworks */,
				65F021FD15C857EF0030BBEF /* Products */,
			);
			sourceTree = "<group>";
		};
		65F021FD15C857EF0030BBEF /* Products */ = {
			isa = PBXGroup;
			children = (
				65F021FC15C857EF0030BBEF /* libSVProgressHUD.a */,
			);
			name = Products;
			sourceTree = "<group>";
		};
		65F021FE15C857EF0030BBEF /* Frameworks */ = {
			isa = PBXGroup;
			children = (
				65F021FF15C857EF0030BBEF /* Foundation.framework */,
			);
			name = Frameworks;
			sourceTree = "<group>";
		};
		65F0220115C857EF0030BBEF /* SVProgressHUD */ = {
			isa = PBXGroup;
			children = (
				65F0220415C857EF0030BBEF /* SVProgressHUD.h */,
				65F0220615C857EF0030BBEF /* SVProgressHUD.m */,
				65F0220D15C858060030BBEF /* SVProgressHUD.bundle */,
				65F0220215C857EF0030BBEF /* Supporting Files */,
			);
			path = SVProgressHUD;
			sourceTree = "<group>";
		};
		65F0220215C857EF0030BBEF /* Supporting Files */ = {
			isa = PBXGroup;
			children = (
				65F0220315C857EF0030BBEF /* SVProgressHUD-Prefix.pch */,
			);
			name = "Supporting Files";
			sourceTree = "<group>";
		};
/* End PBXGroup section */

/* Begin PBXNativeTarget section */
		65F021FB15C857EF0030BBEF /* SVProgressHUD */ = {
			isa = PBXNativeTarget;
			buildConfigurationList = 65F0220A15C857EF0030BBEF /* Build configuration list for PBXNativeTarget "SVProgressHUD" */;
			buildPhases = (
				65F021F815C857EF0030BBEF /* Sources */,
				65F021F915C857EF0030BBEF /* Frameworks */,
				65F021FA15C857EF0030BBEF /* CopyFiles */,
			);
			buildRules = (
			);
			dependencies = (
			);
			name = SVProgressHUD;
			productName = SVProgressHUD;
			productReference = 65F021FC15C857EF0030BBEF /* libSVProgressHUD.a */;
			productType = "com.apple.product-type.library.static";
		};
/* End PBXNativeTarget section */

/* Begin PBXProject section */
		65F021F315C857EF0030BBEF /* Project object */ = {
			isa = PBXProject;
			attributes = {
				LastUpgradeCheck = 0440;
				ORGANIZATIONNAME = EmbeddedSources;
			};
			buildConfigurationList = 65F021F615C857EF0030BBEF /* Build configuration list for PBXProject "SVProgressHUD" */;
			compatibilityVersion = "Xcode 3.2";
			developmentRegion = English;
			hasScannedForEncodings = 0;
			knownRegions = (
				en,
			);
			mainGroup = 65F021F115C857EF0030BBEF;
			productRefGroup = 65F021FD15C857EF0030BBEF /* Products */;
			projectDirPath = "";
			projectRoot = "";
			targets = (
				65F021FB15C857EF0030BBEF /* SVProgressHUD */,
			);
		};
/* End PBXProject section */

/* Begin PBXSourcesBuildPhase section */
		65F021F815C857EF0030BBEF /* Sources */ = {
			isa = PBXSourcesBuildPhase;
			buildActionMask = 2147483647;
			files = (
				65F0220715C857EF0030BBEF /* SVProgressHUD.m in Sources */,
			);
			runOnlyForDeploymentPostprocessing = 0;
		};
/* End PBXSourcesBuildPhase section */

/* Begin XCBuildConfiguration section */
		65F0220815C857EF0030BBEF /* Debug */ = {
			isa = XCBuildConfiguration;
			buildSettings = {
				ALWAYS_SEARCH_USER_PATHS = NO;
				ARCHS = "$(ARCHS_STANDARD_32_BIT)";
				CLANG_CXX_LANGUAGE_STANDARD = "gnu++0x";
				CLANG_ENABLE_OBJC_ARC = YES;
				CLANG_WARN__DUPLICATE_METHOD_MATCH = YES;
				COPY_PHASE_STRIP = NO;
				GCC_C_LANGUAGE_STANDARD = gnu99;
				GCC_DYNAMIC_NO_PIC = NO;
				GCC_OPTIMIZATION_LEVEL = 0;
				GCC_PREPROCESSOR_DEFINITIONS = (
					"DEBUG=1",
					"$(inherited)",
				);
				GCC_SYMBOLS_PRIVATE_EXTERN = NO;
				GCC_VERSION = com.apple.compilers.llvm.clang.1_0;
				GCC_WARN_ABOUT_RETURN_TYPE = YES;
				GCC_WARN_UNINITIALIZED_AUTOS = YES;
				GCC_WARN_UNUSED_VARIABLE = YES;
				IPHONEOS_DEPLOYMENT_TARGET = 5.1;
				SDKROOT = iphoneos;
			};
			name = Debug;
		};
		65F0220915C857EF0030BBEF /* Release */ = {
			isa = XCBuildConfiguration;
			buildSettings = {
				ALWAYS_SEARCH_USER_PATHS = NO;
				ARCHS = "$(ARCHS_STANDARD_32_BIT)";
				CLANG_CXX_LANGUAGE_STANDARD = "gnu++0x";
				CLANG_ENABLE_OBJC_ARC = YES;
				CLANG_WARN__DUPLICATE_METHOD_MATCH = YES;
				COPY_PHASE_STRIP = YES;
				GCC_C_LANGUAGE_STANDARD = gnu99;
				GCC_VERSION = com.apple.compilers.llvm.clang.1_0;
				GCC_WARN_ABOUT_RETURN_TYPE = YES;
				GCC_WARN_UNINITIALIZED_AUTOS = YES;
				GCC_WARN_UNUSED_VARIABLE = YES;
				IPHONEOS_DEPLOYMENT_TARGET = 5.1;
				SDKROOT = iphoneos;
				VALIDATE_PRODUCT = YES;
			};
			name = Release;
		};
		65F0220B15C857EF0030BBEF /* Debug */ = {
			isa = XCBuildConfiguration;
			buildSettings = {
				DSTROOT = /tmp/SVProgressHUD.dst;
				GCC_PRECOMPILE_PREFIX_HEADER = YES;
				GCC_PREFIX_HEADER = "SVProgressHUD/SVProgressHUD-Prefix.pch";
				OTHER_LDFLAGS = "-ObjC";
				PRODUCT_NAME = "$(TARGET_NAME)";
				SKIP_INSTALL = YES;
			};
			name = Debug;
		};
		65F0220C15C857EF0030BBEF /* Release */ = {
			isa = XCBuildConfiguration;
			buildSettings = {
				DSTROOT = /tmp/SVProgressHUD.dst;
				GCC_PRECOMPILE_PREFIX_HEADER = YES;
				GCC_PREFIX_HEADER = "SVProgressHUD/SVProgressHUD-Prefix.pch";
				OTHER_LDFLAGS = "-ObjC";
				PRODUCT_NAME = "$(TARGET_NAME)";
				SKIP_INSTALL = YES;
			};
			name = Release;
		};
/* End XCBuildConfiguration section */

/* Begin XCConfigurationList section */
		65F021F615C857EF0030BBEF /* Build configuration list for PBXProject "SVProgressHUD" */ = {
			isa = XCConfigurationList;
			buildConfigurations = (
				65F0220815C857EF0030BBEF /* Debug */,
				65F0220915C857EF0030BBEF /* Release */,
			);
			defaultConfigurationIsVisible = 0;
			defaultConfigurationName = Release;
		};
		65F0220A15C857EF0030BBEF /* Build configuration list for PBXNativeTarget "SVProgressHUD" */ = {
			isa = XCConfigurationList;
			buildConfigurations = (
				65F0220B15C857EF0030BBEF /* Debug */,
				65F0220C15C857EF0030BBEF /* Release */,
			);
			defaultConfigurationIsVisible = 0;
			defaultConfigurationName = Release;
		};
/* End XCConfigurationList section */
	};
	rootObject = 65F021F315C857EF0030BBEF /* Project object */;
}
